
Microsoft Visual Studio Solution File, Format Version 12.00
# Visual Studio Version 17
VisualStudioVersion = 17.0.31903.59
MinimumVisualStudioVersion = 10.0.40219.1
Project("{2150E333-8FDC-42A3-9474-1A3956D46DE8}") = "01_HelloWorld", "01_HelloWorld", "{92E0433D-8582-4A37-9CEF-407F84EADD2B}"
EndProject
Project("{FAE04EC0-301F-11D3-BF4B-00C04F79EFBC}") = "Send", "01_HelloWorld\src\Send\Send.csproj", "{0D85384B-DA17-450A-8F03-79E1A7CAFC91}"
EndProject
Project("{FAE04EC0-301F-11D3-BF4B-00C04F79EFBC}") = "Receive", "01_HelloWorld\src\Receive\Receive.csproj", "{94F07E7C-9175-4B1D-89F2-AD8618C2AC7A}"
EndProject
Project("{2150E333-8FDC-42A3-9474-1A3956D46DE8}") = "02_WorkerQueue", "02_WorkerQueue", "{F53572D7-C230-4C49-B5D3-5AB54F9518BA}"
EndProject
Project("{2150E333-8FDC-42A3-9474-1A3956D46DE8}") = "src", "src", "{5A1CD33E-385E-40C5-B241-E54DF5047974}"
EndProject
Project("{FAE04EC0-301F-11D3-BF4B-00C04F79EFBC}") = "NewTask", "02_WorkerQueue\src\NewTask\NewTask.csproj", "{3687D364-E186-4329-81F4-2092111AFA3D}"
EndProject
Project("{FAE04EC0-301F-11D3-BF4B-00C04F79EFBC}") = "Worker", "02_WorkerQueue\src\Worker\Worker.csproj", "{6329B668-F916-4CC6-AA41-1FA24CAB97EB}"
EndProject
Project("{2150E333-8FDC-42A3-9474-1A3956D46DE8}") = "03_PublishSubscribe", "03_PublishSubscribe", "{96062EC3-FAF3-4CBB-9CD6-0AFC43778E0C}"
EndProject
Project("{2150E333-8FDC-42A3-9474-1A3956D46DE8}") = "src", "src", "{CC763D56-816D-494D-89CE-93966F141A4B}"
EndProject
Project("{FAE04EC0-301F-11D3-BF4B-00C04F79EFBC}") = "EmitLog", "03_PublishSubscribe\src\EmitLog\EmitLog.csproj", "{522D6F68-A334-48BD-B598-FBC07A535437}"
EndProject
Project("{FAE04EC0-301F-11D3-BF4B-00C04F79EFBC}") = "ReceiveLogs", "03_PublishSubscribe\src\ReceiveLogs\ReceiveLogs.csproj", "{9C320DC0-BA8B-4387-A5BF-4053163CAFBB}"
EndProject
Project("{2150E333-8FDC-42A3-9474-1A3956D46DE8}") = "04_Routing", "04_Routing", "{2EAABCEA-18A7-451F-A16A-5D4FD48B5B07}"
EndProject
Project("{2150E333-8FDC-42A3-9474-1A3956D46DE8}") = "src", "src", "{4951CEF3-BC40-4358-9106-C77417008B22}"
EndProject
Project("{FAE04EC0-301F-11D3-BF4B-00C04F79EFBC}") = "EmitLogDirect", "04_Routing\src\EmitLogDirect\EmitLogDirect.csproj", "{48134C9E-3E89-4696-B84B-EBD8FC5D5C7F}"
EndProject
Project("{FAE04EC0-301F-11D3-BF4B-00C04F79EFBC}") = "ReceiveLogsDirect", "04_Routing\src\ReceiveLogsDirect\ReceiveLogsDirect.csproj", "{AF5EAB90-5828-48D5-AA1E-8B7FC5460390}"
EndProject
Project("{2150E333-8FDC-42A3-9474-1A3956D46DE8}") = "05_Topic", "05_Topic", "{6B35FDE9-43F2-4CB3-9BA4-543B2A8F1A87}"
EndProject
Project("{2150E333-8FDC-42A3-9474-1A3956D46DE8}") = "src", "src", "{C1AD5E54-CFBC-48C8-B5AD-E0AF47E336BE}"
EndProject
Project("{FAE04EC0-301F-11D3-BF4B-00C04F79EFBC}") = "EmitLogTopic", "05_Topic\src\EmitLogTopic\EmitLogTopic.csproj", "{59B63CDA-39A8-4D65-AB59-C3BA4215FD23}"
EndProject
Project("{FAE04EC0-301F-11D3-BF4B-00C04F79EFBC}") = "ReceiveLogsTopic", "05_Topic\src\ReceiveLogsTopic\ReceiveLogsTopic.csproj", "{7E21CFB8-570E-44E8-8EC1-288EB8B5254B}"
EndProject
Project("{FAE04EC0-301F-11D3-BF4B-00C04F79EFBC}") = "Core", "Core\Core.csproj", "{921A3515-B054-4BB4-8999-A45128666563}"
EndProject
Project("{FAE04EC0-301F-11D3-BF4B-00C04F79EFBC}") = "Api", "Api\Api.csproj", "{D76C84C8-1717-445B-9D62-5CDE595666C6}"
EndProject
Project("{FAE04EC0-301F-11D3-BF4B-00C04F79EFBC}") = "ApiWorker", "ApiWorker\ApiWorker.csproj", "{62CC5E08-480A-487D-B713-CE7238D3598B}"
EndProject
Global
	GlobalSection(SolutionConfigurationPlatforms) = preSolution
		Debug|Any CPU = Debug|Any CPU
		Release|Any CPU = Release|Any CPU
	EndGlobalSection
	GlobalSection(SolutionProperties) = preSolution
		HideSolutionNode = FALSE
	EndGlobalSection
	GlobalSection(ProjectConfigurationPlatforms) = postSolution
		{0D85384B-DA17-450A-8F03-79E1A7CAFC91}.Debug|Any CPU.ActiveCfg = Debug|Any CPU
		{0D85384B-DA17-450A-8F03-79E1A7CAFC91}.Debug|Any CPU.Build.0 = Debug|Any CPU
		{0D85384B-DA17-450A-8F03-79E1A7CAFC91}.Release|Any CPU.ActiveCfg = Release|Any CPU
		{0D85384B-DA17-450A-8F03-79E1A7CAFC91}.Release|Any CPU.Build.0 = Release|Any CPU
		{94F07E7C-9175-4B1D-89F2-AD8618C2AC7A}.Debug|Any CPU.ActiveCfg = Debug|Any CPU
		{94F07E7C-9175-4B1D-89F2-AD8618C2AC7A}.Debug|Any CPU.Build.0 = Debug|Any CPU
		{94F07E7C-9175-4B1D-89F2-AD8618C2AC7A}.Release|Any CPU.ActiveCfg = Release|Any CPU
		{94F07E7C-9175-4B1D-89F2-AD8618C2AC7A}.Release|Any CPU.Build.0 = Release|Any CPU
		{3687D364-E186-4329-81F4-2092111AFA3D}.Debug|Any CPU.ActiveCfg = Debug|Any CPU
		{3687D364-E186-4329-81F4-2092111AFA3D}.Debug|Any CPU.Build.0 = Debug|Any CPU
		{3687D364-E186-4329-81F4-2092111AFA3D}.Release|Any CPU.ActiveCfg = Release|Any CPU
		{3687D364-E186-4329-81F4-2092111AFA3D}.Release|Any CPU.Build.0 = Release|Any CPU
		{6329B668-F916-4CC6-AA41-1FA24CAB97EB}.Debug|Any CPU.ActiveCfg = Debug|Any CPU
		{6329B668-F916-4CC6-AA41-1FA24CAB97EB}.Debug|Any CPU.Build.0 = Debug|Any CPU
		{6329B668-F916-4CC6-AA41-1FA24CAB97EB}.Release|Any CPU.ActiveCfg = Release|Any CPU
		{6329B668-F916-4CC6-AA41-1FA24CAB97EB}.Release|Any CPU.Build.0 = Release|Any CPU
		{522D6F68-A334-48BD-B598-FBC07A535437}.Debug|Any CPU.ActiveCfg = Debug|Any CPU
		{522D6F68-A334-48BD-B598-FBC07A535437}.Debug|Any CPU.Build.0 = Debug|Any CPU
		{522D6F68-A334-48BD-B598-FBC07A535437}.Release|Any CPU.ActiveCfg = Release|Any CPU
		{522D6F68-A334-48BD-B598-FBC07A535437}.Release|Any CPU.Build.0 = Release|Any CPU
		{9C320DC0-BA8B-4387-A5BF-4053163CAFBB}.Debug|Any CPU.ActiveCfg = Debug|Any CPU
		{9C320DC0-BA8B-4387-A5BF-4053163CAFBB}.Debug|Any CPU.Build.0 = Debug|Any CPU
		{9C320DC0-BA8B-4387-A5BF-4053163CAFBB}.Release|Any CPU.ActiveCfg = Release|Any CPU
		{9C320DC0-BA8B-4387-A5BF-4053163CAFBB}.Release|Any CPU.Build.0 = Release|Any CPU
		{48134C9E-3E89-4696-B84B-EBD8FC5D5C7F}.Debug|Any CPU.ActiveCfg = Debug|Any CPU
		{48134C9E-3E89-4696-B84B-EBD8FC5D5C7F}.Debug|Any CPU.Build.0 = Debug|Any CPU
		{48134C9E-3E89-4696-B84B-EBD8FC5D5C7F}.Release|Any CPU.ActiveCfg = Release|Any CPU
		{48134C9E-3E89-4696-B84B-EBD8FC5D5C7F}.Release|Any CPU.Build.0 = Release|Any CPU
		{AF5EAB90-5828-48D5-AA1E-8B7FC5460390}.Debug|Any CPU.ActiveCfg = Debug|Any CPU
		{AF5EAB90-5828-48D5-AA1E-8B7FC5460390}.Debug|Any CPU.Build.0 = Debug|Any CPU
		{AF5EAB90-5828-48D5-AA1E-8B7FC5460390}.Release|Any CPU.ActiveCfg = Release|Any CPU
		{AF5EAB90-5828-48D5-AA1E-8B7FC5460390}.Release|Any CPU.Build.0 = Release|Any CPU
		{59B63CDA-39A8-4D65-AB59-C3BA4215FD23}.Debug|Any CPU.ActiveCfg = Debug|Any CPU
		{59B63CDA-39A8-4D65-AB59-C3BA4215FD23}.Debug|Any CPU.Build.0 = Debug|Any CPU
		{59B63CDA-39A8-4D65-AB59-C3BA4215FD23}.Release|Any CPU.ActiveCfg = Release|Any CPU
		{59B63CDA-39A8-4D65-AB59-C3BA4215FD23}.Release|Any CPU.Build.0 = Release|Any CPU
		{7E21CFB8-570E-44E8-8EC1-288EB8B5254B}.Debug|Any CPU.ActiveCfg = Debug|Any CPU
		{7E21CFB8-570E-44E8-8EC1-288EB8B5254B}.Debug|Any CPU.Build.0 = Debug|Any CPU
		{7E21CFB8-570E-44E8-8EC1-288EB8B5254B}.Release|Any CPU.ActiveCfg = Release|Any CPU
		{7E21CFB8-570E-44E8-8EC1-288EB8B5254B}.Release|Any CPU.Build.0 = Release|Any CPU
		{921A3515-B054-4BB4-8999-A45128666563}.Debug|Any CPU.ActiveCfg = Debug|Any CPU
		{921A3515-B054-4BB4-8999-A45128666563}.Debug|Any CPU.Build.0 = Debug|Any CPU
		{921A3515-B054-4BB4-8999-A45128666563}.Release|Any CPU.ActiveCfg = Release|Any CPU
		{921A3515-B054-4BB4-8999-A45128666563}.Release|Any CPU.Build.0 = Release|Any CPU
		{D76C84C8-1717-445B-9D62-5CDE595666C6}.Debug|Any CPU.ActiveCfg = Debug|Any CPU
		{D76C84C8-1717-445B-9D62-5CDE595666C6}.Debug|Any CPU.Build.0 = Debug|Any CPU
		{D76C84C8-1717-445B-9D62-5CDE595666C6}.Release|Any CPU.ActiveCfg = Release|Any CPU
		{D76C84C8-1717-445B-9D62-5CDE595666C6}.Release|Any CPU.Build.0 = Release|Any CPU
		{62CC5E08-480A-487D-B713-CE7238D3598B}.Debug|Any CPU.ActiveCfg = Debug|Any CPU
		{62CC5E08-480A-487D-B713-CE7238D3598B}.Debug|Any CPU.Build.0 = Debug|Any CPU
		{62CC5E08-480A-487D-B713-CE7238D3598B}.Release|Any CPU.ActiveCfg = Release|Any CPU
		{62CC5E08-480A-487D-B713-CE7238D3598B}.Release|Any CPU.Build.0 = Release|Any CPU
	EndGlobalSection
	GlobalSection(NestedProjects) = preSolution
		{0D85384B-DA17-450A-8F03-79E1A7CAFC91} = {92E0433D-8582-4A37-9CEF-407F84EADD2B}
		{94F07E7C-9175-4B1D-89F2-AD8618C2AC7A} = {92E0433D-8582-4A37-9CEF-407F84EADD2B}
		{5A1CD33E-385E-40C5-B241-E54DF5047974} = {F53572D7-C230-4C49-B5D3-5AB54F9518BA}
		{3687D364-E186-4329-81F4-2092111AFA3D} = {5A1CD33E-385E-40C5-B241-E54DF5047974}
		{6329B668-F916-4CC6-AA41-1FA24CAB97EB} = {5A1CD33E-385E-40C5-B241-E54DF5047974}
		{CC763D56-816D-494D-89CE-93966F141A4B} = {96062EC3-FAF3-4CBB-9CD6-0AFC43778E0C}
		{522D6F68-A334-48BD-B598-FBC07A535437} = {CC763D56-816D-494D-89CE-93966F141A4B}
		{9C320DC0-BA8B-4387-A5BF-4053163CAFBB} = {CC763D56-816D-494D-89CE-93966F141A4B}
		{4951CEF3-BC40-4358-9106-C77417008B22} = {2EAABCEA-18A7-451F-A16A-5D4FD48B5B07}
		{48134C9E-3E89-4696-B84B-EBD8FC5D5C7F} = {4951CEF3-BC40-4358-9106-C77417008B22}
		{AF5EAB90-5828-48D5-AA1E-8B7FC5460390} = {4951CEF3-BC40-4358-9106-C77417008B22}
		{C1AD5E54-CFBC-48C8-B5AD-E0AF47E336BE} = {6B35FDE9-43F2-4CB3-9BA4-543B2A8F1A87}
		{59B63CDA-39A8-4D65-AB59-C3BA4215FD23} = {C1AD5E54-CFBC-48C8-B5AD-E0AF47E336BE}
		{7E21CFB8-570E-44E8-8EC1-288EB8B5254B} = {C1AD5E54-CFBC-48C8-B5AD-E0AF47E336BE}
	EndGlobalSection
EndGlobal
